
Microsoft Visual Studio Solution File, Format Version 12.00
# Visual Studio Version 16
VisualStudioVersion = 16.0.29613.14
MinimumVisualStudioVersion = 10.0.40219.1
Project("{FAE04EC0-301F-11D3-BF4B-00C04F79EFBC}") = "ticTacToe", "ticTacToe\ticTacToe.csproj", "{2EC7C28F-5F0D-42A3-98D5-A8865DF9C0CC}"
EndProject
Global
	GlobalSection(SolutionConfigurationPlatforms) = preSolution
		Debug|Any CPU = Debug|Any CPU
		Release|Any CPU = Release|Any CPU
	EndGlobalSection
	GlobalSection(ProjectConfigurationPlatforms) = postSolution
		{2EC7C28F-5F0D-42A3-98D5-A8865DF9C0CC}.Debug|Any CPU.ActiveCfg = Debug|Any CPU
		{2EC7C28F-5F0D-42A3-98D5-A8865DF9C0CC}.Debug|Any CPU.Build.0 = Debug|Any CPU
		{2EC7C28F-5F0D-42A3-98D5-A8865DF9C0CC}.Release|Any CPU.ActiveCfg = Release|Any CPU
		{2EC7C28F-5F0D-42A3-98D5-A8865DF9C0CC}.Release|Any CPU.Build.0 = Release|Any CPU
	EndGlobalSection
	GlobalSection(SolutionProperties) = preSolution
		HideSolutionNode = FALSE
	EndGlobalSection
	GlobalSection(ExtensibilityGlobals) = postSolution
		SolutionGuid = {09468B48-E440-44F6-A649-7EDA81FBC987}
	EndGlobalSection
EndGlobal
